// !$*UTF8*$!
{
	archiveVersion = 1;
	classes = {
	};
	objectVersion = 56;
	objects = {

/* Begin PBXBuildFile section */
		B72181A92AD6EB440025C5FE /* AppDelegate.swift in Sources */ = {isa = PBXBuildFile; fileRef = B72181A82AD6EB440025C5FE /* AppDelegate.swift */; };
		B72181AB2AD6EB440025C5FE /* SceneDelegate.swift in Sources */ = {isa = PBXBuildFile; fileRef = B72181AA2AD6EB440025C5FE /* SceneDelegate.swift */; };
		B72181AD2AD6EB440025C5FE /* SplashViewController.swift in Sources */ = {isa = PBXBuildFile; fileRef = B72181AC2AD6EB440025C5FE /* SplashViewController.swift */; };
		B72181B02AD6EB440025C5FE /* Main.storyboard in Resources */ = {isa = PBXBuildFile; fileRef = B72181AE2AD6EB440025C5FE /* Main.storyboard */; };
		B72181B22AD6EB460025C5FE /* Assets.xcassets in Resources */ = {isa = PBXBuildFile; fileRef = B72181B12AD6EB460025C5FE /* Assets.xcassets */; };
		B72181B52AD6EB460025C5FE /* LaunchScreen.storyboard in Resources */ = {isa = PBXBuildFile; fileRef = B72181B32AD6EB460025C5FE /* LaunchScreen.storyboard */; };
		B72181C02AD6EB460025C5FE /* autoLayout_practice2Tests.swift in Sources */ = {isa = PBXBuildFile; fileRef = B72181BF2AD6EB460025C5FE /* autoLayout_practice2Tests.swift */; };
		B72181CA2AD6EB460025C5FE /* autoLayout_practice2UITests.swift in Sources */ = {isa = PBXBuildFile; fileRef = B72181C92AD6EB460025C5FE /* autoLayout_practice2UITests.swift */; };
		B72181CC2AD6EB460025C5FE /* autoLayout_practice2UITestsLaunchTests.swift in Sources */ = {isa = PBXBuildFile; fileRef = B72181CB2AD6EB460025C5FE /* autoLayout_practice2UITestsLaunchTests.swift */; };
/* End PBXBuildFile section */

/* Begin PBXContainerItemProxy section */
		B72181BC2AD6EB460025C5FE /* PBXContainerItemProxy */ = {
			isa = PBXContainerItemProxy;
			containerPortal = B721819D2AD6EB440025C5FE /* Project object */;
			proxyType = 1;
			remoteGlobalIDString = B72181A42AD6EB440025C5FE;
			remoteInfo = autoLayout_practice2;
		};
		B72181C62AD6EB460025C5FE /* PBXContainerItemProxy */ = {
			isa = PBXContainerItemProxy;
			containerPortal = B721819D2AD6EB440025C5FE /* Project object */;
			proxyType = 1;
			remoteGlobalIDString = B72181A42AD6EB440025C5FE;
			remoteInfo = autoLayout_practice2;
		};
/* End PBXContainerItemProxy section */

/* Begin PBXFileReference section */
		B72181A52AD6EB440025C5FE /* autoLayout_practice2.app */ = {isa = PBXFileReference; explicitFileType = wrapper.application; includeInIndex = 0; path = autoLayout_practice2.app; sourceTree = BUILT_PRODUCTS_DIR; };
		B72181A82AD6EB440025C5FE /* AppDelegate.swift */ = {isa = PBXFileReference; lastKnownFileType = sourcecode.swift; path = AppDelegate.swift; sourceTree = "<group>"; };
		B72181AA2AD6EB440025C5FE /* SceneDelegate.swift */ = {isa = PBXFileReference; lastKnownFileType = sourcecode.swift; path = SceneDelegate.swift; sourceTree = "<group>"; };
		B72181AC2AD6EB440025C5FE /* SplashViewController.swift */ = {isa = PBXFileReference; lastKnownFileType = sourcecode.swift; path = SplashViewController.swift; sourceTree = "<group>"; };
		B72181AF2AD6EB440025C5FE /* Base */ = {isa = PBXFileReference; lastKnownFileType = file.storyboard; name = Base; path = Base.lproj/Main.storyboard; sourceTree = "<group>"; };
		B72181B12AD6EB460025C5FE /* Assets.xcassets */ = {isa = PBXFileReference; lastKnownFileType = folder.assetcatalog; path = Assets.xcassets; sourceTree = "<group>"; };
		B72181B42AD6EB460025C5FE /* Base */ = {isa = PBXFileReference; lastKnownFileType = file.storyboard; name = Base; path = Base.lproj/LaunchScreen.storyboard; sourceTree = "<group>"; };
		B72181B62AD6EB460025C5FE /* Info.plist */ = {isa = PBXFileReference; lastKnownFileType = text.plist.xml; path = Info.plist; sourceTree = "<group>"; };
		B72181BB2AD6EB460025C5FE /* autoLayout_practice2Tests.xctest */ = {isa = PBXFileReference; explicitFileType = wrapper.cfbundle; includeInIndex = 0; path = autoLayout_practice2Tests.xctest; sourceTree = BUILT_PRODUCTS_DIR; };
		B72181BF2AD6EB460025C5FE /* autoLayout_practice2Tests.swift */ = {isa = PBXFileReference; lastKnownFileType = sourcecode.swift; path = autoLayout_practice2Tests.swift; sourceTree = "<group>"; };
		B72181C52AD6EB460025C5FE /* autoLayout_practice2UITests.xctest */ = {isa = PBXFileReference; explicitFileType = wrapper.cfbundle; includeInIndex = 0; path = autoLayout_practice2UITests.xctest; sourceTree = BUILT_PRODUCTS_DIR; };
		B72181C92AD6EB460025C5FE /* autoLayout_practice2UITests.swift */ = {isa = PBXFileReference; lastKnownFileType = sourcecode.swift; path = autoLayout_practice2UITests.swift; sourceTree = "<group>"; };
		B72181CB2AD6EB460025C5FE /* autoLayout_practice2UITestsLaunchTests.swift */ = {isa = PBXFileReference; lastKnownFileType = sourcecode.swift; path = autoLayout_practice2UITestsLaunchTests.swift; sourceTree = "<group>"; };
/* End PBXFileReference section */

/* Begin PBXFrameworksBuildPhase section */
		B72181A22AD6EB440025C5FE /* Frameworks */ = {
			isa = PBXFrameworksBuildPhase;
			buildActionMask = 2147483647;
			files = (
			);
			runOnlyForDeploymentPostprocessing = 0;
		};
		B72181B82AD6EB460025C5FE /* Frameworks */ = {
			isa = PBXFrameworksBuildPhase;
			buildActionMask = 2147483647;
			files = (
			);
			runOnlyForDeploymentPostprocessing = 0;
		};
		B72181C22AD6EB460025C5FE /* Frameworks */ = {
			isa = PBXFrameworksBuildPhase;
			buildActionMask = 2147483647;
			files = (
			);
			runOnlyForDeploymentPostprocessing = 0;
		};
/* End PBXFrameworksBuildPhase section */

/* Begin PBXGroup section */
		B721819C2AD6EB440025C5FE = {
			isa = PBXGroup;
			children = (
				B72181A72AD6EB440025C5FE /* autoLayout_practice2 */,
				B72181BE2AD6EB460025C5FE /* autoLayout_practice2Tests */,
				B72181C82AD6EB460025C5FE /* autoLayout_practice2UITests */,
				B72181A62AD6EB440025C5FE /* Products */,
			);
			sourceTree = "<group>";
		};
		B72181A62AD6EB440025C5FE /* Products */ = {
			isa = PBXGroup;
			children = (
				B72181A52AD6EB440025C5FE /* autoLayout_practice2.app */,
				B72181BB2AD6EB460025C5FE /* autoLayout_practice2Tests.xctest */,
				B72181C52AD6EB460025C5FE /* autoLayout_practice2UITests.xctest */,
			);
			name = Products;
			sourceTree = "<group>";
		};
		B72181A72AD6EB440025C5FE /* autoLayout_practice2 */ = {
			isa = PBXGroup;
			children = (
				B72181A82AD6EB440025C5FE /* AppDelegate.swift */,
				B72181AA2AD6EB440025C5FE /* SceneDelegate.swift */,
				B72181AC2AD6EB440025C5FE /* SplashViewController.swift */,
				B72181AE2AD6EB440025C5FE /* Main.storyboard */,
				B72181B12AD6EB460025C5FE /* Assets.xcassets */,
				B72181B32AD6EB460025C5FE /* LaunchScreen.storyboard */,
				B72181B62AD6EB460025C5FE /* Info.plist */,
			);
			path = autoLayout_practice2;
			sourceTree = "<group>";
		};
		B72181BE2AD6EB460025C5FE /* autoLayout_practice2Tests */ = {
			isa = PBXGroup;
			children = (
				B72181BF2AD6EB460025C5FE /* autoLayout_practice2Tests.swift */,
			);
			path = autoLayout_practice2Tests;
			sourceTree = "<group>";
		};
		B72181C82AD6EB460025C5FE /* autoLayout_practice2UITests */ = {
			isa = PBXGroup;
			children = (
				B72181C92AD6EB460025C5FE /* autoLayout_practice2UITests.swift */,
				B72181CB2AD6EB460025C5FE /* autoLayout_practice2UITestsLaunchTests.swift */,
			);
			path = autoLayout_practice2UITests;
			sourceTree = "<group>";
		};
/* End PBXGroup section */

/* Begin PBXNativeTarget section */
		B72181A42AD6EB440025C5FE /* autoLayout_practice2 */ = {
			isa = PBXNativeTarget;
			buildConfigurationList = B72181CF2AD6EB460025C5FE /* Build configuration list for PBXNativeTarget "autoLayout_practice2" */;
			buildPhases = (
				B72181A12AD6EB440025C5FE /* Sources */,
				B72181A22AD6EB440025C5FE /* Frameworks */,
				B72181A32AD6EB440025C5FE /* Resources */,
			);
			buildRules = (
			);
			dependencies = (
			);
			name = autoLayout_practice2;
			productName = autoLayout_practice2;
			productReference = B72181A52AD6EB440025C5FE /* autoLayout_practice2.app */;
			productType = "com.apple.product-type.application";
		};
		B72181BA2AD6EB460025C5FE /* autoLayout_practice2Tests */ = {
			isa = PBXNativeTarget;
			buildConfigurationList = B72181D22AD6EB460025C5FE /* Build configuration list for PBXNativeTarget "autoLayout_practice2Tests" */;
			buildPhases = (
				B72181B72AD6EB460025C5FE /* Sources */,
				B72181B82AD6EB460025C5FE /* Frameworks */,
				B72181B92AD6EB460025C5FE /* Resources */,
			);
			buildRules = (
			);
			dependencies = (
				B72181BD2AD6EB460025C5FE /* PBXTargetDependency */,
			);
			name = autoLayout_practice2Tests;
			productName = autoLayout_practice2Tests;
			productReference = B72181BB2AD6EB460025C5FE /* autoLayout_practice2Tests.xctest */;
			productType = "com.apple.product-type.bundle.unit-test";
		};
		B72181C42AD6EB460025C5FE /* autoLayout_practice2UITests */ = {
			isa = PBXNativeTarget;
			buildConfigurationList = B72181D52AD6EB460025C5FE /* Build configuration list for PBXNativeTarget "autoLayout_practice2UITests" */;
			buildPhases = (
				B72181C12AD6EB460025C5FE /* Sources */,
				B72181C22AD6EB460025C5FE /* Frameworks */,
				B72181C32AD6EB460025C5FE /* Resources */,
			);
			buildRules = (
			);
			dependencies = (
				B72181C72AD6EB460025C5FE /* PBXTargetDependency */,
			);
			name = autoLayout_practice2UITests;
			productName = autoLayout_practice2UITests;
			productReference = B72181C52AD6EB460025C5FE /* autoLayout_practice2UITests.xctest */;
			productType = "com.apple.product-type.bundle.ui-testing";
		};
/* End PBXNativeTarget section */

/* Begin PBXProject section */
		B721819D2AD6EB440025C5FE /* Project object */ = {
			isa = PBXProject;
			attributes = {
				BuildIndependentTargetsInParallel = 1;
				LastSwiftUpdateCheck = 1500;
				LastUpgradeCheck = 1500;
				TargetAttributes = {
					B72181A42AD6EB440025C5FE = {
						CreatedOnToolsVersion = 15.0;
					};
					B72181BA2AD6EB460025C5FE = {
						CreatedOnToolsVersion = 15.0;
						TestTargetID = B72181A42AD6EB440025C5FE;
					};
					B72181C42AD6EB460025C5FE = {
						CreatedOnToolsVersion = 15.0;
						TestTargetID = B72181A42AD6EB440025C5FE;
					};
				};
			};
			buildConfigurationList = B72181A02AD6EB440025C5FE /* Build configuration list for PBXProject "autoLayout_practice2" */;
			compatibilityVersion = "Xcode 14.0";
			developmentRegion = en;
			hasScannedForEncodings = 0;
			knownRegions = (
				en,
				Base,
			);
			mainGroup = B721819C2AD6EB440025C5FE;
			productRefGroup = B72181A62AD6EB440025C5FE /* Products */;
			projectDirPath = "";
			projectRoot = "";
			targets = (
				B72181A42AD6EB440025C5FE /* autoLayout_practice2 */,
				B72181BA2AD6EB460025C5FE /* autoLayout_practice2Tests */,
				B72181C42AD6EB460025C5FE /* autoLayout_practice2UITests */,
			);
		};
/* End PBXProject section */

/* Begin PBXResourcesBuildPhase section */
		B72181A32AD6EB440025C5FE /* Resources */ = {
			isa = PBXResourcesBuildPhase;
			buildActionMask = 2147483647;
			files = (
				B72181B52AD6EB460025C5FE /* LaunchScreen.storyboard in Resources */,
				B72181B22AD6EB460025C5FE /* Assets.xcassets in Resources */,
				B72181B02AD6EB440025C5FE /* Main.storyboard in Resources */,
			);
			runOnlyForDeploymentPostprocessing = 0;
		};
		B72181B92AD6EB460025C5FE /* Resources */ = {
			isa = PBXResourcesBuildPhase;
			buildActionMask = 2147483647;
			files = (
			);
			runOnlyForDeploymentPostprocessing = 0;
		};
		B72181C32AD6EB460025C5FE /* Resources */ = {
			isa = PBXResourcesBuildPhase;
			buildActionMask = 2147483647;
			files = (
			);
			runOnlyForDeploymentPostprocessing = 0;
		};
/* End PBXResourcesBuildPhase section */

/* Begin PBXSourcesBuildPhase section */
		B72181A12AD6EB440025C5FE /* Sources */ = {
			isa = PBXSourcesBuildPhase;
			buildActionMask = 2147483647;
			files = (
				B72181AD2AD6EB440025C5FE /* SplashViewController.swift in Sources */,
				B72181A92AD6EB440025C5FE /* AppDelegate.swift in Sources */,
				B72181AB2AD6EB440025C5FE /* SceneDelegate.swift in Sources */,
			);
			runOnlyForDeploymentPostprocessing = 0;
		};
		B72181B72AD6EB460025C5FE /* Sources */ = {
			isa = PBXSourcesBuildPhase;
			buildActionMask = 2147483647;
			files = (
				B72181C02AD6EB460025C5FE /* autoLayout_practice2Tests.swift in Sources */,
			);
			runOnlyForDeploymentPostprocessing = 0;
		};
		B72181C12AD6EB460025C5FE /* Sources */ = {
			isa = PBXSourcesBuildPhase;
			buildActionMask = 2147483647;
			files = (
				B72181CA2AD6EB460025C5FE /* autoLayout_practice2UITests.swift in Sources */,
				B72181CC2AD6EB460025C5FE /* autoLayout_practice2UITestsLaunchTests.swift in Sources */,
			);
			runOnlyForDeploymentPostprocessing = 0;
		};
/* End PBXSourcesBuildPhase section */

/* Begin PBXTargetDependency section */
		B72181BD2AD6EB460025C5FE /* PBXTargetDependency */ = {
			isa = PBXTargetDependency;
			target = B72181A42AD6EB440025C5FE /* autoLayout_practice2 */;
			targetProxy = B72181BC2AD6EB460025C5FE /* PBXContainerItemProxy */;
		};
		B72181C72AD6EB460025C5FE /* PBXTargetDependency */ = {
			isa = PBXTargetDependency;
			target = B72181A42AD6EB440025C5FE /* autoLayout_practice2 */;
			targetProxy = B72181C62AD6EB460025C5FE /* PBXContainerItemProxy */;
		};
/* End PBXTargetDependency section */

/* Begin PBXVariantGroup section */
		B72181AE2AD6EB440025C5FE /* Main.storyboard */ = {
			isa = PBXVariantGroup;
			children = (
				B72181AF2AD6EB440025C5FE /* Base */,
			);
			name = Main.storyboard;
			sourceTree = "<group>";
		};
		B72181B32AD6EB460025C5FE /* LaunchScreen.storyboard */ = {
			isa = PBXVariantGroup;
			children = (
				B72181B42AD6EB460025C5FE /* Base */,
			);
			name = LaunchScreen.storyboard;
			sourceTree = "<group>";
		};
/* End PBXVariantGroup section */

/* Begin XCBuildConfiguration section */
		B72181CD2AD6EB460025C5FE /* Debug */ = {
			isa = XCBuildConfiguration;
			buildSettings = {
				ALWAYS_SEARCH_USER_PATHS = NO;
				ASSETCATALOG_COMPILER_GENERATE_SWIFT_ASSET_SYMBOL_EXTENSIONS = YES;
				CLANG_ANALYZER_NONNULL = YES;
				CLANG_ANALYZER_NUMBER_OBJECT_CONVERSION = YES_AGGRESSIVE;
				CLANG_CXX_LANGUAGE_STANDARD = "gnu++20";
				CLANG_ENABLE_MODULES = YES;
				CLANG_ENABLE_OBJC_ARC = YES;
				CLANG_ENABLE_OBJC_WEAK = YES;
				CLANG_WARN_BLOCK_CAPTURE_AUTORELEASING = YES;
				CLANG_WARN_BOOL_CONVERSION = YES;
				CLANG_WARN_COMMA = YES;
				CLANG_WARN_CONSTANT_CONVERSION = YES;
				CLANG_WARN_DEPRECATED_OBJC_IMPLEMENTATIONS = YES;
				CLANG_WARN_DIRECT_OBJC_ISA_USAGE = YES_ERROR;
				CLANG_WARN_DOCUMENTATION_COMMENTS = YES;
				CLANG_WARN_EMPTY_BODY = YES;
				CLANG_WARN_ENUM_CONVERSION = YES;
				CLANG_WARN_INFINITE_RECURSION = YES;
				CLANG_WARN_INT_CONVERSION = YES;
				CLANG_WARN_NON_LITERAL_NULL_CONVERSION = YES;
				CLANG_WARN_OBJC_IMPLICIT_RETAIN_SELF = YES;
				CLANG_WARN_OBJC_LITERAL_CONVERSION = YES;
				CLANG_WARN_OBJC_ROOT_CLASS = YES_ERROR;
				CLANG_WARN_QUOTED_INCLUDE_IN_FRAMEWORK_HEADER = YES;
				CLANG_WARN_RANGE_LOOP_ANALYSIS = YES;
				CLANG_WARN_STRICT_PROTOTYPES = YES;
				CLANG_WARN_SUSPICIOUS_MOVE = YES;
				CLANG_WARN_UNGUARDED_AVAILABILITY = YES_AGGRESSIVE;
				CLANG_WARN_UNREACHABLE_CODE = YES;
				CLANG_WARN__DUPLICATE_METHOD_MATCH = YES;
				COPY_PHASE_STRIP = NO;
				DEBUG_INFORMATION_FORMAT = dwarf;
				ENABLE_STRICT_OBJC_MSGSEND = YES;
				ENABLE_TESTABILITY = YES;
				ENABLE_USER_SCRIPT_SANDBOXING = YES;
				GCC_C_LANGUAGE_STANDARD = gnu17;
				GCC_DYNAMIC_NO_PIC = NO;
				GCC_NO_COMMON_BLOCKS = YES;
				GCC_OPTIMIZATION_LEVEL = 0;
				GCC_PREPROCESSOR_DEFINITIONS = (
					"DEBUG=1",
					"$(inherited)",
				);
				GCC_WARN_64_TO_32_BIT_CONVERSION = YES;
				GCC_WARN_ABOUT_RETURN_TYPE = YES_ERROR;
				GCC_WARN_UNDECLARED_SELECTOR = YES;
				GCC_WARN_UNINITIALIZED_AUTOS = YES_AGGRESSIVE;
				GCC_WARN_UNUSED_FUNCTION = YES;
				GCC_WARN_UNUSED_VARIABLE = YES;
				IPHONEOS_DEPLOYMENT_TARGET = 17.0;
				LOCALIZATION_PREFERS_STRING_CATALOGS = YES;
				MTL_ENABLE_DEBUG_INFO = INCLUDE_SOURCE;
				MTL_FAST_MATH = YES;
				ONLY_ACTIVE_ARCH = YES;
				SDKROOT = iphoneos;
				SWIFT_ACTIVE_COMPILATION_CONDITIONS = "DEBUG $(inherited)";
				SWIFT_OPTIMIZATION_LEVEL = "-Onone";
			};
			name = Debug;
		};
		B72181CE2AD6EB460025C5FE /* Release */ = {
			isa = XCBuildConfiguration;
			buildSettings = {
				ALWAYS_SEARCH_USER_PATHS = NO;
				ASSETCATALOG_COMPILER_GENERATE_SWIFT_ASSET_SYMBOL_EXTENSIONS = YES;
				CLANG_ANALYZER_NONNULL = YES;
				CLANG_ANALYZER_NUMBER_OBJECT_CONVERSION = YES_AGGRESSIVE;
				CLANG_CXX_LANGUAGE_STANDARD = "gnu++20";
				CLANG_ENABLE_MODULES = YES;
				CLANG_ENABLE_OBJC_ARC = YES;
				CLANG_ENABLE_OBJC_WEAK = YES;
				CLANG_WARN_BLOCK_CAPTURE_AUTORELEASING = YES;
				CLANG_WARN_BOOL_CONVERSION = YES;
				CLANG_WARN_COMMA = YES;
				CLANG_WARN_CONSTANT_CONVERSION = YES;
				CLANG_WARN_DEPRECATED_OBJC_IMPLEMENTATIONS = YES;
				CLANG_WARN_DIRECT_OBJC_ISA_USAGE = YES_ERROR;
				CLANG_WARN_DOCUMENTATION_COMMENTS = YES;
				CLANG_WARN_EMPTY_BODY = YES;
				CLANG_WARN_ENUM_CONVERSION = YES;
				CLANG_WARN_INFINITE_RECURSION = YES;
				CLANG_WARN_INT_CONVERSION = YES;
				CLANG_WARN_NON_LITERAL_NULL_CONVERSION = YES;
				CLANG_WARN_OBJC_IMPLICIT_RETAIN_SELF = YES;
				CLANG_WARN_OBJC_LITERAL_CONVERSION = YES;
				CLANG_WARN_OBJC_ROOT_CLASS = YES_ERROR;
				CLANG_WARN_QUOTED_INCLUDE_IN_FRAMEWORK_HEADER = YES;
				CLANG_WARN_RANGE_LOOP_ANALYSIS = YES;
				CLANG_WARN_STRICT_PROTOTYPES = YES;
				CLANG_WARN_SUSPICIOUS_MOVE = YES;
				CLANG_WARN_UNGUARDED_AVAILABILITY = YES_AGGRESSIVE;
				CLANG_WARN_UNREACHABLE_CODE = YES;
				CLANG_WARN__DUPLICATE_METHOD_MATCH = YES;
				COPY_PHASE_STRIP = NO;
				DEBUG_INFORMATION_FORMAT = "dwarf-with-dsym";
				ENABLE_NS_ASSERTIONS = NO;
				ENABLE_STRICT_OBJC_MSGSEND = YES;
				ENABLE_USER_SCRIPT_SANDBOXING = YES;
				GCC_C_LANGUAGE_STANDARD = gnu17;
				GCC_NO_COMMON_BLOCKS = YES;
				GCC_WARN_64_TO_32_BIT_CONVERSION = YES;
				GCC_WARN_ABOUT_RETURN_TYPE = YES_ERROR;
				GCC_WARN_UNDECLARED_SELECTOR = YES;
				GCC_WARN_UNINITIALIZED_AUTOS = YES_AGGRESSIVE;
				GCC_WARN_UNUSED_FUNCTION = YES;
				GCC_WARN_UNUSED_VARIABLE = YES;
				IPHONEOS_DEPLOYMENT_TARGET = 17.0;
				LOCALIZATION_PREFERS_STRING_CATALOGS = YES;
				MTL_ENABLE_DEBUG_INFO = NO;
				MTL_FAST_MATH = YES;
				SDKROOT = iphoneos;
				SWIFT_COMPILATION_MODE = wholemodule;
				VALIDATE_PRODUCT = YES;
			};
			name = Release;
		};
		B72181D02AD6EB460025C5FE /* Debug */ = {
			isa = XCBuildConfiguration;
			buildSettings = {
				ASSETCATALOG_COMPILER_APPICON_NAME = AppIcon;
				ASSETCATALOG_COMPILER_GLOBAL_ACCENT_COLOR_NAME = AccentColor;
				CODE_SIGN_STYLE = Automatic;
				CURRENT_PROJECT_VERSION = 1;
				DEVELOPMENT_TEAM = PVM8V4TM62;
				GENERATE_INFOPLIST_FILE = YES;
				INFOPLIST_FILE = autoLayout_practice2/Info.plist;
				INFOPLIST_KEY_UIApplicationSupportsIndirectInputEvents = YES;
				INFOPLIST_KEY_UILaunchStoryboardName = LaunchScreen;
				INFOPLIST_KEY_UIMainStoryboardFile = Main;
				INFOPLIST_KEY_UISupportedInterfaceOrientations_iPad = "UIInterfaceOrientationPortrait UIInterfaceOrientationPortraitUpsideDown UIInterfaceOrientationLandscapeLeft UIInterfaceOrientationLandscapeRight";
				INFOPLIST_KEY_UISupportedInterfaceOrientations_iPhone = "UIInterfaceOrientationPortrait UIInterfaceOrientationLandscapeLeft UIInterfaceOrientationLandscapeRight";
				LD_RUNPATH_SEARCH_PATHS = (
					"$(inherited)",
					"@executable_path/Frameworks",
				);
				MARKETING_VERSION = 1.0;
				PRODUCT_BUNDLE_IDENTIFIER = "dhui.autoLayout-practice2";
				PRODUCT_NAME = "$(TARGET_NAME)";
				SWIFT_EMIT_LOC_STRINGS = YES;
				SWIFT_VERSION = 5.0;
				TARGETED_DEVICE_FAMILY = "1,2";
			};
			name = Debug;
		};
		B72181D12AD6EB460025C5FE /* Release */ = {
			isa = XCBuildConfiguration;
			buildSettings = {
				ASSETCATALOG_COMPILER_APPICON_NAME = AppIcon;
				ASSETCATALOG_COMPILER_GLOBAL_ACCENT_COLOR_NAME = AccentColor;
				CODE_SIGN_STYLE = Automatic;
				CURRENT_PROJECT_VERSION = 1;
				DEVELOPMENT_TEAM = PVM8V4TM62;
				GENERATE_INFOPLIST_FILE = YES;
				INFOPLIST_FILE = autoLayout_practice2/Info.plist;
				INFOPLIST_KEY_UIApplicationSupportsIndirectInputEvents = YES;
				INFOPLIST_KEY_UILaunchStoryboardName = LaunchScreen;
				INFOPLIST_KEY_UIMainStoryboardFile = Main;
				INFOPLIST_KEY_UISupportedInterfaceOrientations_iPad = "UIInterfaceOrientationPortrait UIInterfaceOrientationPortraitUpsideDown UIInterfaceOrientationLandscapeLeft UIInterfaceOrientationLandscapeRight";
				INFOPLIST_KEY_UISupportedInterfaceOrientations_iPhone = "UIInterfaceOrientationPortrait UIInterfaceOrientationLandscapeLeft UIInterfaceOrientationLandscapeRight";
				LD_RUNPATH_SEARCH_PATHS = (
					"$(inherited)",
					"@executable_path/Frameworks",
				);
				MARKETING_VERSION = 1.0;
				PRODUCT_BUNDLE_IDENTIFIER = "dhui.autoLayout-practice2";
				PRODUCT_NAME = "$(TARGET_NAME)";
				SWIFT_EMIT_LOC_STRINGS = YES;
				SWIFT_VERSION = 5.0;
				TARGETED_DEVICE_FAMILY = "1,2";
			};
			name = Release;
		};
		B72181D32AD6EB460025C5FE /* Debug */ = {
			isa = XCBuildConfiguration;
			buildSettings = {
				ALWAYS_EMBED_SWIFT_STANDARD_LIBRARIES = YES;
				BUNDLE_LOADER = "$(TEST_HOST)";
				CODE_SIGN_STYLE = Automatic;
				CURRENT_PROJECT_VERSION = 1;
				DEVELOPMENT_TEAM = PVM8V4TM62;
				GENERATE_INFOPLIST_FILE = YES;
				IPHONEOS_DEPLOYMENT_TARGET = 17.0;
				MARKETING_VERSION = 1.0;
				PRODUCT_BUNDLE_IDENTIFIER = "dhui.autoLayout-practice2Tests";
				PRODUCT_NAME = "$(TARGET_NAME)";
				SWIFT_EMIT_LOC_STRINGS = NO;
				SWIFT_VERSION = 5.0;
				TARGETED_DEVICE_FAMILY = "1,2";
				TEST_HOST = "$(BUILT_PRODUCTS_DIR)/autoLayout_practice2.app/$(BUNDLE_EXECUTABLE_FOLDER_PATH)/autoLayout_practice2";
			};
			name = Debug;
		};
		B72181D42AD6EB460025C5FE /* Release */ = {
			isa = XCBuildConfiguration;
			buildSettings = {
				ALWAYS_EMBED_SWIFT_STANDARD_LIBRARIES = YES;
				BUNDLE_LOADER = "$(TEST_HOST)";
				CODE_SIGN_STYLE = Automatic;
				CURRENT_PROJECT_VERSION = 1;
				DEVELOPMENT_TEAM = PVM8V4TM62;
				GENERATE_INFOPLIST_FILE = YES;
				IPHONEOS_DEPLOYMENT_TARGET = 17.0;
				MARKETING_VERSION = 1.0;
				PRODUCT_BUNDLE_IDENTIFIER = "dhui.autoLayout-practice2Tests";
				PRODUCT_NAME = "$(TARGET_NAME)";
				SWIFT_EMIT_LOC_STRINGS = NO;
				SWIFT_VERSION = 5.0;
				TARGETED_DEVICE_FAMILY = "1,2";
				TEST_HOST = "$(BUILT_PRODUCTS_DIR)/autoLayout_practice2.app/$(BUNDLE_EXECUTABLE_FOLDER_PATH)/autoLayout_practice2";
			};
			name = Release;
		};
		B72181D62AD6EB460025C5FE /* Debug */ = {
			isa = XCBuildConfiguration;
			buildSettings = {
				ALWAYS_EMBED_SWIFT_STANDARD_LIBRARIES = YES;
				CODE_SIGN_STYLE = Automatic;
				CURRENT_PROJECT_VERSION = 1;
				DEVELOPMENT_TEAM = PVM8V4TM62;
				GENERATE_INFOPLIST_FILE = YES;
				MARKETING_VERSION = 1.0;
				PRODUCT_BUNDLE_IDENTIFIER = "dhui.autoLayout-practice2UITests";
				PRODUCT_NAME = "$(TARGET_NAME)";
				SWIFT_EMIT_LOC_STRINGS = NO;
				SWIFT_VERSION = 5.0;
				TARGETED_DEVICE_FAMILY = "1,2";
				TEST_TARGET_NAME = autoLayout_practice2;
			};
			name = Debug;
		};
		B72181D72AD6EB460025C5FE /* Release */ = {
			isa = XCBuildConfiguration;
			buildSettings = {
				ALWAYS_EMBED_SWIFT_STANDARD_LIBRARIES = YES;
				CODE_SIGN_STYLE = Automatic;
				CURRENT_PROJECT_VERSION = 1;
				DEVELOPMENT_TEAM = PVM8V4TM62;
				GENERATE_INFOPLIST_FILE = YES;
				MARKETING_VERSION = 1.0;
				PRODUCT_BUNDLE_IDENTIFIER = "dhui.autoLayout-practice2UITests";
				PRODUCT_NAME = "$(TARGET_NAME)";
				SWIFT_EMIT_LOC_STRINGS = NO;
				SWIFT_VERSION = 5.0;
				TARGETED_DEVICE_FAMILY = "1,2";
				TEST_TARGET_NAME = autoLayout_practice2;
			};
			name = Release;
		};
/* End XCBuildConfiguration section */

/* Begin XCConfigurationList section */
		B72181A02AD6EB440025C5FE /* Build configuration list for PBXProject "autoLayout_practice2" */ = {
			isa = XCConfigurationList;
			buildConfigurations = (
				B72181CD2AD6EB460025C5FE /* Debug */,
				B72181CE2AD6EB460025C5FE /* Release */,
			);
			defaultConfigurationIsVisible = 0;
			defaultConfigurationName = Release;
		};
		B72181CF2AD6EB460025C5FE /* Build configuration list for PBXNativeTarget "autoLayout_practice2" */ = {
			isa = XCConfigurationList;
			buildConfigurations = (
				B72181D02AD6EB460025C5FE /* Debug */,
				B72181D12AD6EB460025C5FE /* Release */,
			);
			defaultConfigurationIsVisible = 0;
			defaultConfigurationName = Release;
		};
		B72181D22AD6EB460025C5FE /* Build configuration list for PBXNativeTarget "autoLayout_practice2Tests" */ = {
			isa = XCConfigurationList;
			buildConfigurations = (
				B72181D32AD6EB460025C5FE /* Debug */,
				B72181D42AD6EB460025C5FE /* Release */,
			);
			defaultConfigurationIsVisible = 0;
			defaultConfigurationName = Release;
		};
		B72181D52AD6EB460025C5FE /* Build configuration list for PBXNativeTarget "autoLayout_practice2UITests" */ = {
			isa = XCConfigurationList;
			buildConfigurations = (
				B72181D62AD6EB460025C5FE /* Debug */,
				B72181D72AD6EB460025C5FE /* Release */,
			);
			defaultConfigurationIsVisible = 0;
			defaultConfigurationName = Release;
		};
/* End XCConfigurationList section */
	};
	rootObject = B721819D2AD6EB440025C5FE /* Project object */;
}
